
Microsoft Visual Studio Solution File, Format Version 11.00
# Visual Studio 2010
Project("{8BC9CEB8-8B4A-11D0-8D11-00A0C91BC942}") = "gtest", "gtest\gtest.vcxproj", "{63BCA17E-ECF4-469F-80B0-AEC37F88701F}"
EndProject
Project("{8BC9CEB8-8B4A-11D0-8D11-00A0C91BC942}") = "tree_lib", "tree_lib\tree_lib.vcxproj", "{514250BF-9FEA-425D-A597-627F35F2DEE2}"
EndProject
Project("{8BC9CEB8-8B4A-11D0-8D11-00A0C91BC942}") = "sample_sort", "sample_sort\sample_sort.vcxproj", "{E2641521-044F-4A21-8253-911E9DEB5D7B}"
EndProject
Project("{8BC9CEB8-8B4A-11D0-8D11-00A0C91BC942}") = "sample_tree", "sample_tree\sample_tree.vcxproj", "{794AF58E-3442-4CBC-BC45-75D306FD30B3}"
EndProject
Project("{8BC9CEB8-8B4A-11D0-8D11-00A0C91BC942}") = "tests", "tests\tests.vcxproj", "{AF0FFB4E-1B1C-44E4-8076-712F3C4B2506}"
EndProject
Global
	GlobalSection(SolutionConfigurationPlatforms) = preSolution
		Debug|Win32 = Debug|Win32
		Release|Win32 = Release|Win32
	EndGlobalSection
	GlobalSection(ProjectConfigurationPlatforms) = postSolution
		{63BCA17E-ECF4-469F-80B0-AEC37F88701F}.Debug|Win32.ActiveCfg = Debug|Win32
		{63BCA17E-ECF4-469F-80B0-AEC37F88701F}.Debug|Win32.Build.0 = Debug|Win32
		{63BCA17E-ECF4-469F-80B0-AEC37F88701F}.Release|Win32.ActiveCfg = Release|Win32
		{63BCA17E-ECF4-469F-80B0-AEC37F88701F}.Release|Win32.Build.0 = Release|Win32
		{514250BF-9FEA-425D-A597-627F35F2DEE2}.Debug|Win32.ActiveCfg = Debug|Win32
		{514250BF-9FEA-425D-A597-627F35F2DEE2}.Debug|Win32.Build.0 = Debug|Win32
		{514250BF-9FEA-425D-A597-627F35F2DEE2}.Release|Win32.ActiveCfg = Release|Win32
		{514250BF-9FEA-425D-A597-627F35F2DEE2}.Release|Win32.Build.0 = Release|Win32
		{E2641521-044F-4A21-8253-911E9DEB5D7B}.Debug|Win32.ActiveCfg = Debug|Win32
		{E2641521-044F-4A21-8253-911E9DEB5D7B}.Debug|Win32.Build.0 = Debug|Win32
		{E2641521-044F-4A21-8253-911E9DEB5D7B}.Release|Win32.ActiveCfg = Release|Win32
		{E2641521-044F-4A21-8253-911E9DEB5D7B}.Release|Win32.Build.0 = Release|Win32
		{794AF58E-3442-4CBC-BC45-75D306FD30B3}.Debug|Win32.ActiveCfg = Debug|Win32
		{794AF58E-3442-4CBC-BC45-75D306FD30B3}.Debug|Win32.Build.0 = Debug|Win32
		{794AF58E-3442-4CBC-BC45-75D306FD30B3}.Release|Win32.ActiveCfg = Release|Win32
		{794AF58E-3442-4CBC-BC45-75D306FD30B3}.Release|Win32.Build.0 = Release|Win32
		{AF0FFB4E-1B1C-44E4-8076-712F3C4B2506}.Debug|Win32.ActiveCfg = Debug|Win32
		{AF0FFB4E-1B1C-44E4-8076-712F3C4B2506}.Debug|Win32.Build.0 = Debug|Win32
		{AF0FFB4E-1B1C-44E4-8076-712F3C4B2506}.Release|Win32.ActiveCfg = Release|Win32
		{AF0FFB4E-1B1C-44E4-8076-712F3C4B2506}.Release|Win32.Build.0 = Release|Win32
	EndGlobalSection
	GlobalSection(SolutionProperties) = preSolution
		HideSolutionNode = FALSE
	EndGlobalSection
EndGlobal
